
Microsoft Visual Studio Solution File, Format Version 12.00
# Visual Studio 14
VisualStudioVersion = 14.0.25420.1
MinimumVisualStudioVersion = 10.0.40219.1
Project("{FAE04EC0-301F-11D3-BF4B-00C04F79EFBC}") = "Generic", "Generic\Generic.csproj", "{8BE4C906-4758-49C1-869C-FFC88ADFAF80}"
EndProject
Project("{FAE04EC0-301F-11D3-BF4B-00C04F79EFBC}") = "NewFunction", "NewFunction\NewFunction.csproj", "{740D56B3-4CE5-4A2F-A32D-B3AD6B922480}"
EndProject
Global
	GlobalSection(SolutionConfigurationPlatforms) = preSolution
		Debug|Any CPU = Debug|Any CPU
		Release|Any CPU = Release|Any CPU
	EndGlobalSection
	GlobalSection(ProjectConfigurationPlatforms) = postSolution
		{8BE4C906-4758-49C1-869C-FFC88ADFAF80}.Debug|Any CPU.ActiveCfg = Debug|Any CPU
		{8BE4C906-4758-49C1-869C-FFC88ADFAF80}.Debug|Any CPU.Build.0 = Debug|Any CPU
		{8BE4C906-4758-49C1-869C-FFC88ADFAF80}.Release|Any CPU.ActiveCfg = Release|Any CPU
		{8BE4C906-4758-49C1-869C-FFC88ADFAF80}.Release|Any CPU.Build.0 = Release|Any CPU
		{740D56B3-4CE5-4A2F-A32D-B3AD6B922480}.Debug|Any CPU.ActiveCfg = Debug|Any CPU
		{740D56B3-4CE5-4A2F-A32D-B3AD6B922480}.Debug|Any CPU.Build.0 = Debug|Any CPU
		{740D56B3-4CE5-4A2F-A32D-B3AD6B922480}.Release|Any CPU.ActiveCfg = Release|Any CPU
		{740D56B3-4CE5-4A2F-A32D-B3AD6B922480}.Release|Any CPU.Build.0 = Release|Any CPU
	EndGlobalSection
	GlobalSection(SolutionProperties) = preSolution
		HideSolutionNode = FALSE
	EndGlobalSection
EndGlobal
