
Microsoft Visual Studio Solution File, Format Version 12.00
# Visual Studio 15
VisualStudioVersion = 15.0.28010.0
MinimumVisualStudioVersion = 10.0.40219.1
Project("{9A19103F-16F7-4668-BE54-9A1E7A4F7556}") = "RazorPagesMovie", "D:\MyCode\Docs\aspnetcore\tutorials\razor-pages\razor-pages-start\sample\RazorPagesMovie21\RazorPagesMovie.csproj", "{63CECCAE-F1BF-441B-83D2-BA5EAC4BFF48}"
EndProject
Global
	GlobalSection(SolutionConfigurationPlatforms) = preSolution
		Debug|Any CPU = Debug|Any CPU
		Release|Any CPU = Release|Any CPU
	EndGlobalSection
	GlobalSection(ProjectConfigurationPlatforms) = postSolution
		{63CECCAE-F1BF-441B-83D2-BA5EAC4BFF48}.Debug|Any CPU.ActiveCfg = Debug|Any CPU
		{63CECCAE-F1BF-441B-83D2-BA5EAC4BFF48}.Debug|Any CPU.Build.0 = Debug|Any CPU
		{63CECCAE-F1BF-441B-83D2-BA5EAC4BFF48}.Release|Any CPU.ActiveCfg = Release|Any CPU
		{63CECCAE-F1BF-441B-83D2-BA5EAC4BFF48}.Release|Any CPU.Build.0 = Release|Any CPU
	EndGlobalSection
	GlobalSection(SolutionProperties) = preSolution
		HideSolutionNode = FALSE
	EndGlobalSection
	GlobalSection(ExtensibilityGlobals) = postSolution
		SolutionGuid = {D06E21B1-A030-4620-ABCF-0BD2BF819D9F}
	EndGlobalSection
EndGlobal
